
Microsoft Visual Studio Solution File, Format Version 12.00
# Visual Studio 15
VisualStudioVersion = 15.0.27004.2006
MinimumVisualStudioVersion = 10.0.40219.1
Project("{FAE04EC0-301F-11D3-BF4B-00C04F79EFBC}") = "MovieStreaming", "MovieStreaminCore\MovieStreaming.csproj", "{75EDC9B6-B5DC-4951-86D3-1890E220C66F}"
EndProject
Global
	GlobalSection(SolutionConfigurationPlatforms) = preSolution
		Debug|Any CPU = Debug|Any CPU
		Release|Any CPU = Release|Any CPU
	EndGlobalSection
	GlobalSection(ProjectConfigurationPlatforms) = postSolution
		{75EDC9B6-B5DC-4951-86D3-1890E220C66F}.Debug|Any CPU.ActiveCfg = Debug|Any CPU
		{75EDC9B6-B5DC-4951-86D3-1890E220C66F}.Debug|Any CPU.Build.0 = Debug|Any CPU
		{75EDC9B6-B5DC-4951-86D3-1890E220C66F}.Release|Any CPU.ActiveCfg = Release|Any CPU
		{75EDC9B6-B5DC-4951-86D3-1890E220C66F}.Release|Any CPU.Build.0 = Release|Any CPU
	EndGlobalSection
	GlobalSection(SolutionProperties) = preSolution
		HideSolutionNode = FALSE
	EndGlobalSection
	GlobalSection(ExtensibilityGlobals) = postSolution
		SolutionGuid = {6CB29AC1-5197-4F0F-962C-83EBD93E1481}
	EndGlobalSection
EndGlobal
